<?xml version="1.0" encoding="utf-8"?>
<Project ToolsVersion="15.0" xmlns="http://schemas.microsoft.com/developer/msbuild/2003">
  <ItemGroup>
    <ClCompile Include="D:\Program Files\PCL\PCLProjects\Telerehab_12\rs-post-processing.cpp">
      <Filter>Source Files</Filter>
    </ClCompile>
    <ClCompile Include="D:\Program Files\PCL\PCLProjects\Telerehab_12\imgui.cpp">
      <Filter>Source Files</Filter>
    </ClCompile>
    <ClCompile Include="D:\Program Files\PCL\PCLProjects\Telerehab_12\imgui_draw.cpp">
      <Filter>Source Files</Filter>
    </ClCompile>
    <ClCompile Include="D:\Program Files\PCL\PCLProjects\Telerehab_12\imgui_impl_glfw.cpp">
      <Filter>Source Files</Filter>
    </ClCompile>
  </ItemGroup>
  <ItemGroup>
    <ClInclude Include="D:\Program Files\PCL\PCLProjects\Telerehab_12\example.hpp">
      <Filter>Header Files</Filter>
    </ClInclude>
  </ItemGroup>
  <ItemGroup>
    <CustomBuild Include="D:\Program Files\PCL\PCLProjects\Telerehab_12\CMakeLists.txt" />
  </ItemGroup>
  <ItemGroup>
    <Filter Include="Header Files">
      <UniqueIdentifier>{02581C4D-25B4-363C-B978-C0D4112C950B}</UniqueIdentifier>
    </Filter>
    <Filter Include="Source Files">
      <UniqueIdentifier>{A45BB963-F928-3126-B844-E92476BA3553}</UniqueIdentifier>
    </Filter>
  </ItemGroup>
</Project>
